
Microsoft Visual Studio Solution File, Format Version 11.00
# Visual Studio 2010
Project("{FAE04EC0-301F-11D3-BF4B-00C04F79EFBC}") = "DEM", "DEM\DEM.csproj", "{57645411-D290-4305-B026-653F254B74FC}"
EndProject
Global
	GlobalSection(SolutionConfigurationPlatforms) = preSolution
		Debug|Any CPU = Debug|Any CPU
		Release|Any CPU = Release|Any CPU
	EndGlobalSection
	GlobalSection(ProjectConfigurationPlatforms) = postSolution
		{57645411-D290-4305-B026-653F254B74FC}.Debug|Any CPU.ActiveCfg = Debug|Any CPU
		{57645411-D290-4305-B026-653F254B74FC}.Debug|Any CPU.Build.0 = Debug|Any CPU
		{57645411-D290-4305-B026-653F254B74FC}.Release|Any CPU.ActiveCfg = Release|Any CPU
		{57645411-D290-4305-B026-653F254B74FC}.Release|Any CPU.Build.0 = Release|Any CPU
	EndGlobalSection
	GlobalSection(SolutionProperties) = preSolution
		HideSolutionNode = FALSE
	EndGlobalSection
EndGlobal
